
Microsoft Visual Studio Solution File, Format Version 12.00
# Visual Studio 15
VisualStudioVersion = 15.0.27703.2042
MinimumVisualStudioVersion = 10.0.40219.1
Project("{FAE04EC0-301F-11D3-BF4B-00C04F79EFBC}") = "MyPlaces", "MyPlaces\MyPlaces.csproj", "{957D9A3C-22E2-482D-8D99-C233D2B6F8AA}"
EndProject
Project("{FAE04EC0-301F-11D3-BF4B-00C04F79EFBC}") = "MyPlaces.Test", "MyPlaces.Test\MyPlaces.Test.csproj", "{6A14658E-696A-4C66-91CD-B49EC7AE6462}"
EndProject
Global
	GlobalSection(SolutionConfigurationPlatforms) = preSolution
		Debug|Any CPU = Debug|Any CPU
		Release|Any CPU = Release|Any CPU
	EndGlobalSection
	GlobalSection(ProjectConfigurationPlatforms) = postSolution
		{957D9A3C-22E2-482D-8D99-C233D2B6F8AA}.Debug|Any CPU.ActiveCfg = Debug|Any CPU
		{957D9A3C-22E2-482D-8D99-C233D2B6F8AA}.Debug|Any CPU.Build.0 = Debug|Any CPU
		{957D9A3C-22E2-482D-8D99-C233D2B6F8AA}.Release|Any CPU.ActiveCfg = Release|Any CPU
		{957D9A3C-22E2-482D-8D99-C233D2B6F8AA}.Release|Any CPU.Build.0 = Release|Any CPU
		{6A14658E-696A-4C66-91CD-B49EC7AE6462}.Debug|Any CPU.ActiveCfg = Debug|Any CPU
		{6A14658E-696A-4C66-91CD-B49EC7AE6462}.Debug|Any CPU.Build.0 = Debug|Any CPU
		{6A14658E-696A-4C66-91CD-B49EC7AE6462}.Release|Any CPU.ActiveCfg = Release|Any CPU
		{6A14658E-696A-4C66-91CD-B49EC7AE6462}.Release|Any CPU.Build.0 = Release|Any CPU
	EndGlobalSection
	GlobalSection(SolutionProperties) = preSolution
		HideSolutionNode = FALSE
	EndGlobalSection
	GlobalSection(ExtensibilityGlobals) = postSolution
		SolutionGuid = {D1FB28EB-C71E-40B8-9200-92606C8A627B}
	EndGlobalSection
EndGlobal
