
Microsoft Visual Studio Solution File, Format Version 12.00
# Visual Studio 15
VisualStudioVersion = 15.0.27703.2042
MinimumVisualStudioVersion = 10.0.40219.1
Project("{FAE04EC0-301F-11D3-BF4B-00C04F79EFBC}") = "MyPlaces", "MyPlaces\MyPlaces.csproj", "{957D9A3C-22E2-482D-8D99-C233D2B6F8AA}"
EndProject
Project("{FAE04EC0-301F-11D3-BF4B-00C04F79EFBC}") = "MyPlaces.Test", "MyPlaces.Test\MyPlaces.Test.csproj", "{6A14658E-696A-4C66-91CD-B49EC7AE6462}"
EndProject
Project("{2150E333-8FDC-42A3-9474-1A3956D46DE8}") = "EFCore", "EFCore", "{A54FA04F-32C8-4264-A1E9-E772C685F997}"
EndProject
Project("{9A19103F-16F7-4668-BE54-9A1E7A4F7556}") = "EFCore", "EFCore\src\EFCore\EFCore.csproj", "{D3B3439A-1BF4-466C-9F0E-C4DCF422D946}"
EndProject
Project("{9A19103F-16F7-4668-BE54-9A1E7A4F7556}") = "EFCore.Relational", "EFCore\src\EFCore.Relational\EFCore.Relational.csproj", "{8F57E396-E23B-4A0F-844A-A3F43CB3BE08}"
EndProject
Project("{9A19103F-16F7-4668-BE54-9A1E7A4F7556}") = "EFCore.Sqlite.Core", "EFCore\src\EFCore.Sqlite.Core\EFCore.Sqlite.Core.csproj", "{7D17B40A-2847-4DAC-ACFB-D21456F898D5}"
EndProject
Project("{9A19103F-16F7-4668-BE54-9A1E7A4F7556}") = "EFCore.Abstractions", "EFCore\src\EFCore.Abstractions\EFCore.Abstractions.csproj", "{E821E396-D942-4161-A33C-A9E5C3241FF6}"
EndProject
Project("{9A19103F-16F7-4668-BE54-9A1E7A4F7556}") = "EFCore.Analyzers", "EFCore\src\EFCore.Analyzers\EFCore.Analyzers.csproj", "{A52B9153-E177-4741-B63B-F94E54D1FAFD}"
EndProject
Global
	GlobalSection(SolutionConfigurationPlatforms) = preSolution
		Debug|Any CPU = Debug|Any CPU
		Release|Any CPU = Release|Any CPU
	EndGlobalSection
	GlobalSection(ProjectConfigurationPlatforms) = postSolution
		{957D9A3C-22E2-482D-8D99-C233D2B6F8AA}.Debug|Any CPU.ActiveCfg = Debug|Any CPU
		{957D9A3C-22E2-482D-8D99-C233D2B6F8AA}.Debug|Any CPU.Build.0 = Debug|Any CPU
		{957D9A3C-22E2-482D-8D99-C233D2B6F8AA}.Release|Any CPU.ActiveCfg = Release|Any CPU
		{957D9A3C-22E2-482D-8D99-C233D2B6F8AA}.Release|Any CPU.Build.0 = Release|Any CPU
		{6A14658E-696A-4C66-91CD-B49EC7AE6462}.Debug|Any CPU.ActiveCfg = Debug|Any CPU
		{6A14658E-696A-4C66-91CD-B49EC7AE6462}.Debug|Any CPU.Build.0 = Debug|Any CPU
		{6A14658E-696A-4C66-91CD-B49EC7AE6462}.Release|Any CPU.ActiveCfg = Release|Any CPU
		{6A14658E-696A-4C66-91CD-B49EC7AE6462}.Release|Any CPU.Build.0 = Release|Any CPU
		{D3B3439A-1BF4-466C-9F0E-C4DCF422D946}.Debug|Any CPU.ActiveCfg = Debug|Any CPU
		{D3B3439A-1BF4-466C-9F0E-C4DCF422D946}.Debug|Any CPU.Build.0 = Debug|Any CPU
		{D3B3439A-1BF4-466C-9F0E-C4DCF422D946}.Release|Any CPU.ActiveCfg = Release|Any CPU
		{D3B3439A-1BF4-466C-9F0E-C4DCF422D946}.Release|Any CPU.Build.0 = Release|Any CPU
		{8F57E396-E23B-4A0F-844A-A3F43CB3BE08}.Debug|Any CPU.ActiveCfg = Debug|Any CPU
		{8F57E396-E23B-4A0F-844A-A3F43CB3BE08}.Debug|Any CPU.Build.0 = Debug|Any CPU
		{8F57E396-E23B-4A0F-844A-A3F43CB3BE08}.Release|Any CPU.ActiveCfg = Release|Any CPU
		{8F57E396-E23B-4A0F-844A-A3F43CB3BE08}.Release|Any CPU.Build.0 = Release|Any CPU
		{7D17B40A-2847-4DAC-ACFB-D21456F898D5}.Debug|Any CPU.ActiveCfg = Debug|Any CPU
		{7D17B40A-2847-4DAC-ACFB-D21456F898D5}.Debug|Any CPU.Build.0 = Debug|Any CPU
		{7D17B40A-2847-4DAC-ACFB-D21456F898D5}.Release|Any CPU.ActiveCfg = Release|Any CPU
		{7D17B40A-2847-4DAC-ACFB-D21456F898D5}.Release|Any CPU.Build.0 = Release|Any CPU
		{E821E396-D942-4161-A33C-A9E5C3241FF6}.Debug|Any CPU.ActiveCfg = Debug|Any CPU
		{E821E396-D942-4161-A33C-A9E5C3241FF6}.Debug|Any CPU.Build.0 = Debug|Any CPU
		{E821E396-D942-4161-A33C-A9E5C3241FF6}.Release|Any CPU.ActiveCfg = Release|Any CPU
		{E821E396-D942-4161-A33C-A9E5C3241FF6}.Release|Any CPU.Build.0 = Release|Any CPU
		{A52B9153-E177-4741-B63B-F94E54D1FAFD}.Debug|Any CPU.ActiveCfg = Debug|Any CPU
		{A52B9153-E177-4741-B63B-F94E54D1FAFD}.Debug|Any CPU.Build.0 = Debug|Any CPU
		{A52B9153-E177-4741-B63B-F94E54D1FAFD}.Release|Any CPU.ActiveCfg = Release|Any CPU
		{A52B9153-E177-4741-B63B-F94E54D1FAFD}.Release|Any CPU.Build.0 = Release|Any CPU
	EndGlobalSection
	GlobalSection(SolutionProperties) = preSolution
		HideSolutionNode = FALSE
	EndGlobalSection
	GlobalSection(NestedProjects) = preSolution
		{D3B3439A-1BF4-466C-9F0E-C4DCF422D946} = {A54FA04F-32C8-4264-A1E9-E772C685F997}
		{8F57E396-E23B-4A0F-844A-A3F43CB3BE08} = {A54FA04F-32C8-4264-A1E9-E772C685F997}
		{7D17B40A-2847-4DAC-ACFB-D21456F898D5} = {A54FA04F-32C8-4264-A1E9-E772C685F997}
		{E821E396-D942-4161-A33C-A9E5C3241FF6} = {A54FA04F-32C8-4264-A1E9-E772C685F997}
		{A52B9153-E177-4741-B63B-F94E54D1FAFD} = {A54FA04F-32C8-4264-A1E9-E772C685F997}
	EndGlobalSection
	GlobalSection(ExtensibilityGlobals) = postSolution
		SolutionGuid = {D1FB28EB-C71E-40B8-9200-92606C8A627B}
	EndGlobalSection
EndGlobal
